
Microsoft Visual Studio Solution File, Format Version 12.00
# Visual Studio 15
VisualStudioVersion = 15.0.27703.2035
MinimumVisualStudioVersion = 10.0.40219.1
Project("{E24C65DC-7377-472B-9ABA-BC803B73C61A}") = "SMSS_SC_BATAAN", "SMSS_SC_BATAAN\", "{02302A59-ED1C-452D-B37F-8F18129924A2}"
	ProjectSection(WebsiteProperties) = preProject
		SccProjectName = "SAK"
		SccAuxPath = "SAK"
		SccLocalPath = "SAK"
		SccProvider = "SAK"
		TargetFrameworkMoniker = ".NETFramework,Version%3Dv4.5"
		Debug.AspNetCompiler.VirtualPath = "/SMSS_SC_BATAAN"
		Debug.AspNetCompiler.PhysicalPath = "SMSS_SC_BATAAN\"
		Debug.AspNetCompiler.TargetPath = "PrecompiledWeb\SMSS_SC_BATAAN\"
		Debug.AspNetCompiler.Updateable = "true"
		Debug.AspNetCompiler.ForceOverwrite = "true"
		Debug.AspNetCompiler.FixedNames = "false"
		Debug.AspNetCompiler.Debug = "True"
		Release.AspNetCompiler.VirtualPath = "/SMSS_SC_BATAAN"
		Release.AspNetCompiler.PhysicalPath = "SMSS_SC_BATAAN\"
		Release.AspNetCompiler.TargetPath = "PrecompiledWeb\SMSS_SC_BATAAN\"
		Release.AspNetCompiler.Updateable = "true"
		Release.AspNetCompiler.ForceOverwrite = "true"
		Release.AspNetCompiler.FixedNames = "false"
		Release.AspNetCompiler.Debug = "False"
		VWDPort = "5432"
		SlnRelativePath = "SMSS_SC_BATAAN\"
	EndProjectSection
EndProject
Global
	GlobalSection(SolutionConfigurationPlatforms) = preSolution
		Debug|.NET = Debug|.NET
		Debug|Any CPU = Debug|Any CPU
		Release|.NET = Release|.NET
		Release|Any CPU = Release|Any CPU
	EndGlobalSection
	GlobalSection(ProjectConfigurationPlatforms) = postSolution
		{02302A59-ED1C-452D-B37F-8F18129924A2}.Debug|.NET.ActiveCfg = Debug|Any CPU
		{02302A59-ED1C-452D-B37F-8F18129924A2}.Debug|.NET.Build.0 = Debug|Any CPU
		{02302A59-ED1C-452D-B37F-8F18129924A2}.Debug|Any CPU.ActiveCfg = Debug|Any CPU
		{02302A59-ED1C-452D-B37F-8F18129924A2}.Debug|Any CPU.Build.0 = Debug|Any CPU
		{02302A59-ED1C-452D-B37F-8F18129924A2}.Release|.NET.ActiveCfg = Debug|Any CPU
		{02302A59-ED1C-452D-B37F-8F18129924A2}.Release|.NET.Build.0 = Debug|Any CPU
		{02302A59-ED1C-452D-B37F-8F18129924A2}.Release|Any CPU.ActiveCfg = Debug|Any CPU
		{02302A59-ED1C-452D-B37F-8F18129924A2}.Release|Any CPU.Build.0 = Debug|Any CPU
	EndGlobalSection
	GlobalSection(SolutionProperties) = preSolution
		HideSolutionNode = FALSE
	EndGlobalSection
	GlobalSection(ExtensibilityGlobals) = postSolution
		SolutionGuid = {950CD705-E74D-481F-A27A-92EAC281971F}
	EndGlobalSection
EndGlobal
